// !$*UTF8*$!
{
	archiveVersion = 1;
	classes = {
	};
	objectVersion = 50;
	objects = {

/* Begin PBXBuildFile section */
		4912401521A5CCAC00471995 /* AppDelegate.swift in Sources */ = {isa = PBXBuildFile; fileRef = 4912401421A5CCAC00471995 /* AppDelegate.swift */; };
		4912401721A5CCAC00471995 /* ViewController.swift in Sources */ = {isa = PBXBuildFile; fileRef = 4912401621A5CCAC00471995 /* ViewController.swift */; };
		4912401A21A5CCAC00471995 /* Main.storyboard in Resources */ = {isa = PBXBuildFile; fileRef = 4912401821A5CCAC00471995 /* Main.storyboard */; };
		4912401D21A5CCAC00471995 /* rekaman.xcdatamodeld in Sources */ = {isa = PBXBuildFile; fileRef = 4912401B21A5CCAC00471995 /* rekaman.xcdatamodeld */; };
		4912401F21A5CCAD00471995 /* Assets.xcassets in Resources */ = {isa = PBXBuildFile; fileRef = 4912401E21A5CCAD00471995 /* Assets.xcassets */; };
		4912402221A5CCAD00471995 /* LaunchScreen.storyboard in Resources */ = {isa = PBXBuildFile; fileRef = 4912402021A5CCAD00471995 /* LaunchScreen.storyboard */; };
		4912402D21A5CCAD00471995 /* rekamanTests.swift in Sources */ = {isa = PBXBuildFile; fileRef = 4912402C21A5CCAD00471995 /* rekamanTests.swift */; };
		4912403821A5CCAD00471995 /* rekamanUITests.swift in Sources */ = {isa = PBXBuildFile; fileRef = 4912403721A5CCAD00471995 /* rekamanUITests.swift */; };
/* End PBXBuildFile section */

/* Begin PBXContainerItemProxy section */
		4912402921A5CCAD00471995 /* PBXContainerItemProxy */ = {
			isa = PBXContainerItemProxy;
			containerPortal = 4912400921A5CCAC00471995 /* Project object */;
			proxyType = 1;
			remoteGlobalIDString = 4912401021A5CCAC00471995;
			remoteInfo = rekaman;
		};
		4912403421A5CCAD00471995 /* PBXContainerItemProxy */ = {
			isa = PBXContainerItemProxy;
			containerPortal = 4912400921A5CCAC00471995 /* Project object */;
			proxyType = 1;
			remoteGlobalIDString = 4912401021A5CCAC00471995;
			remoteInfo = rekaman;
		};
/* End PBXContainerItemProxy section */

/* Begin PBXFileReference section */
		4912401121A5CCAC00471995 /* rekaman.app */ = {isa = PBXFileReference; explicitFileType = wrapper.application; includeInIndex = 0; path = rekaman.app; sourceTree = BUILT_PRODUCTS_DIR; };
		4912401421A5CCAC00471995 /* AppDelegate.swift */ = {isa = PBXFileReference; lastKnownFileType = sourcecode.swift; path = AppDelegate.swift; sourceTree = "<group>"; };
		4912401621A5CCAC00471995 /* ViewController.swift */ = {isa = PBXFileReference; lastKnownFileType = sourcecode.swift; path = ViewController.swift; sourceTree = "<group>"; };
		4912401921A5CCAC00471995 /* Base */ = {isa = PBXFileReference; lastKnownFileType = file.storyboard; name = Base; path = Base.lproj/Main.storyboard; sourceTree = "<group>"; };
		4912401C21A5CCAC00471995 /* rekaman.xcdatamodel */ = {isa = PBXFileReference; lastKnownFileType = wrapper.xcdatamodel; path = rekaman.xcdatamodel; sourceTree = "<group>"; };
		4912401E21A5CCAD00471995 /* Assets.xcassets */ = {isa = PBXFileReference; lastKnownFileType = folder.assetcatalog; path = Assets.xcassets; sourceTree = "<group>"; };
		4912402121A5CCAD00471995 /* Base */ = {isa = PBXFileReference; lastKnownFileType = file.storyboard; name = Base; path = Base.lproj/LaunchScreen.storyboard; sourceTree = "<group>"; };
		4912402321A5CCAD00471995 /* Info.plist */ = {isa = PBXFileReference; lastKnownFileType = text.plist.xml; path = Info.plist; sourceTree = "<group>"; };
		4912402821A5CCAD00471995 /* rekamanTests.xctest */ = {isa = PBXFileReference; explicitFileType = wrapper.cfbundle; includeInIndex = 0; path = rekamanTests.xctest; sourceTree = BUILT_PRODUCTS_DIR; };
		4912402C21A5CCAD00471995 /* rekamanTests.swift */ = {isa = PBXFileReference; lastKnownFileType = sourcecode.swift; path = rekamanTests.swift; sourceTree = "<group>"; };
		4912402E21A5CCAD00471995 /* Info.plist */ = {isa = PBXFileReference; lastKnownFileType = text.plist.xml; path = Info.plist; sourceTree = "<group>"; };
		4912403321A5CCAD00471995 /* rekamanUITests.xctest */ = {isa = PBXFileReference; explicitFileType = wrapper.cfbundle; includeInIndex = 0; path = rekamanUITests.xctest; sourceTree = BUILT_PRODUCTS_DIR; };
		4912403721A5CCAD00471995 /* rekamanUITests.swift */ = {isa = PBXFileReference; lastKnownFileType = sourcecode.swift; path = rekamanUITests.swift; sourceTree = "<group>"; };
		4912403921A5CCAD00471995 /* Info.plist */ = {isa = PBXFileReference; lastKnownFileType = text.plist.xml; path = Info.plist; sourceTree = "<group>"; };
/* End PBXFileReference section */

/* Begin PBXFrameworksBuildPhase section */
		4912400E21A5CCAC00471995 /* Frameworks */ = {
			isa = PBXFrameworksBuildPhase;
			buildActionMask = 2147483647;
			files = (
			);
			runOnlyForDeploymentPostprocessing = 0;
		};
		4912402521A5CCAD00471995 /* Frameworks */ = {
			isa = PBXFrameworksBuildPhase;
			buildActionMask = 2147483647;
			files = (
			);
			runOnlyForDeploymentPostprocessing = 0;
		};
		4912403021A5CCAD00471995 /* Frameworks */ = {
			isa = PBXFrameworksBuildPhase;
			buildActionMask = 2147483647;
			files = (
			);
			runOnlyForDeploymentPostprocessing = 0;
		};
/* End PBXFrameworksBuildPhase section */

/* Begin PBXGroup section */
		4912400821A5CCAC00471995 = {
			isa = PBXGroup;
			children = (
				4912401321A5CCAC00471995 /* rekaman */,
				4912402B21A5CCAD00471995 /* rekamanTests */,
				4912403621A5CCAD00471995 /* rekamanUITests */,
				4912401221A5CCAC00471995 /* Products */,
			);
			sourceTree = "<group>";
		};
		4912401221A5CCAC00471995 /* Products */ = {
			isa = PBXGroup;
			children = (
				4912401121A5CCAC00471995 /* rekaman.app */,
				4912402821A5CCAD00471995 /* rekamanTests.xctest */,
				4912403321A5CCAD00471995 /* rekamanUITests.xctest */,
			);
			name = Products;
			sourceTree = "<group>";
		};
		4912401321A5CCAC00471995 /* rekaman */ = {
			isa = PBXGroup;
			children = (
				4912401421A5CCAC00471995 /* AppDelegate.swift */,
				4912401621A5CCAC00471995 /* ViewController.swift */,
				4912401821A5CCAC00471995 /* Main.storyboard */,
				4912401E21A5CCAD00471995 /* Assets.xcassets */,
				4912402021A5CCAD00471995 /* LaunchScreen.storyboard */,
				4912402321A5CCAD00471995 /* Info.plist */,
				4912401B21A5CCAC00471995 /* rekaman.xcdatamodeld */,
			);
			path = rekaman;
			sourceTree = "<group>";
		};
		4912402B21A5CCAD00471995 /* rekamanTests */ = {
			isa = PBXGroup;
			children = (
				4912402C21A5CCAD00471995 /* rekamanTests.swift */,
				4912402E21A5CCAD00471995 /* Info.plist */,
			);
			path = rekamanTests;
			sourceTree = "<group>";
		};
		4912403621A5CCAD00471995 /* rekamanUITests */ = {
			isa = PBXGroup;
			children = (
				4912403721A5CCAD00471995 /* rekamanUITests.swift */,
				4912403921A5CCAD00471995 /* Info.plist */,
			);
			path = rekamanUITests;
			sourceTree = "<group>";
		};
/* End PBXGroup section */

/* Begin PBXNativeTarget section */
		4912401021A5CCAC00471995 /* rekaman */ = {
			isa = PBXNativeTarget;
			buildConfigurationList = 4912403C21A5CCAD00471995 /* Build configuration list for PBXNativeTarget "rekaman" */;
			buildPhases = (
				4912400D21A5CCAC00471995 /* Sources */,
				4912400E21A5CCAC00471995 /* Frameworks */,
				4912400F21A5CCAC00471995 /* Resources */,
			);
			buildRules = (
			);
			dependencies = (
			);
			name = rekaman;
			productName = rekaman;
			productReference = 4912401121A5CCAC00471995 /* rekaman.app */;
			productType = "com.apple.product-type.application";
		};
		4912402721A5CCAD00471995 /* rekamanTests */ = {
			isa = PBXNativeTarget;
			buildConfigurationList = 4912403F21A5CCAD00471995 /* Build configuration list for PBXNativeTarget "rekamanTests" */;
			buildPhases = (
				4912402421A5CCAD00471995 /* Sources */,
				4912402521A5CCAD00471995 /* Frameworks */,
				4912402621A5CCAD00471995 /* Resources */,
			);
			buildRules = (
			);
			dependencies = (
				4912402A21A5CCAD00471995 /* PBXTargetDependency */,
			);
			name = rekamanTests;
			productName = rekamanTests;
			productReference = 4912402821A5CCAD00471995 /* rekamanTests.xctest */;
			productType = "com.apple.product-type.bundle.unit-test";
		};
		4912403221A5CCAD00471995 /* rekamanUITests */ = {
			isa = PBXNativeTarget;
			buildConfigurationList = 4912404221A5CCAD00471995 /* Build configuration list for PBXNativeTarget "rekamanUITests" */;
			buildPhases = (
				4912402F21A5CCAD00471995 /* Sources */,
				4912403021A5CCAD00471995 /* Frameworks */,
				4912403121A5CCAD00471995 /* Resources */,
			);
			buildRules = (
			);
			dependencies = (
				4912403521A5CCAD00471995 /* PBXTargetDependency */,
			);
			name = rekamanUITests;
			productName = rekamanUITests;
			productReference = 4912403321A5CCAD00471995 /* rekamanUITests.xctest */;
			productType = "com.apple.product-type.bundle.ui-testing";
		};
/* End PBXNativeTarget section */

/* Begin PBXProject section */
		4912400921A5CCAC00471995 /* Project object */ = {
			isa = PBXProject;
			attributes = {
				LastSwiftUpdateCheck = 0940;
				LastUpgradeCheck = 0940;
				ORGANIZATIONNAME = habdev;
				TargetAttributes = {
					4912401021A5CCAC00471995 = {
						CreatedOnToolsVersion = 9.4;
					};
					4912402721A5CCAD00471995 = {
						CreatedOnToolsVersion = 9.4;
						TestTargetID = 4912401021A5CCAC00471995;
					};
					4912403221A5CCAD00471995 = {
						CreatedOnToolsVersion = 9.4;
						TestTargetID = 4912401021A5CCAC00471995;
					};
				};
			};
			buildConfigurationList = 4912400C21A5CCAC00471995 /* Build configuration list for PBXProject "rekaman" */;
			compatibilityVersion = "Xcode 9.3";
			developmentRegion = en;
			hasScannedForEncodings = 0;
			knownRegions = (
				en,
				Base,
			);
			mainGroup = 4912400821A5CCAC00471995;
			productRefGroup = 4912401221A5CCAC00471995 /* Products */;
			projectDirPath = "";
			projectRoot = "";
			targets = (
				4912401021A5CCAC00471995 /* rekaman */,
				4912402721A5CCAD00471995 /* rekamanTests */,
				4912403221A5CCAD00471995 /* rekamanUITests */,
			);
		};
/* End PBXProject section */

/* Begin PBXResourcesBuildPhase section */
		4912400F21A5CCAC00471995 /* Resources */ = {
			isa = PBXResourcesBuildPhase;
			buildActionMask = 2147483647;
			files = (
				4912402221A5CCAD00471995 /* LaunchScreen.storyboard in Resources */,
				4912401F21A5CCAD00471995 /* Assets.xcassets in Resources */,
				4912401A21A5CCAC00471995 /* Main.storyboard in Resources */,
			);
			runOnlyForDeploymentPostprocessing = 0;
		};
		4912402621A5CCAD00471995 /* Resources */ = {
			isa = PBXResourcesBuildPhase;
			buildActionMask = 2147483647;
			files = (
			);
			runOnlyForDeploymentPostprocessing = 0;
		};
		4912403121A5CCAD00471995 /* Resources */ = {
			isa = PBXResourcesBuildPhase;
			buildActionMask = 2147483647;
			files = (
			);
			runOnlyForDeploymentPostprocessing = 0;
		};
/* End PBXResourcesBuildPhase section */

/* Begin PBXSourcesBuildPhase section */
		4912400D21A5CCAC00471995 /* Sources */ = {
			isa = PBXSourcesBuildPhase;
			buildActionMask = 2147483647;
			files = (
				4912401721A5CCAC00471995 /* ViewController.swift in Sources */,
				4912401D21A5CCAC00471995 /* rekaman.xcdatamodeld in Sources */,
				4912401521A5CCAC00471995 /* AppDelegate.swift in Sources */,
			);
			runOnlyForDeploymentPostprocessing = 0;
		};
		4912402421A5CCAD00471995 /* Sources */ = {
			isa = PBXSourcesBuildPhase;
			buildActionMask = 2147483647;
			files = (
				4912402D21A5CCAD00471995 /* rekamanTests.swift in Sources */,
			);
			runOnlyForDeploymentPostprocessing = 0;
		};
		4912402F21A5CCAD00471995 /* Sources */ = {
			isa = PBXSourcesBuildPhase;
			buildActionMask = 2147483647;
			files = (
				4912403821A5CCAD00471995 /* rekamanUITests.swift in Sources */,
			);
			runOnlyForDeploymentPostprocessing = 0;
		};
/* End PBXSourcesBuildPhase section */

/* Begin PBXTargetDependency section */
		4912402A21A5CCAD00471995 /* PBXTargetDependency */ = {
			isa = PBXTargetDependency;
			target = 4912401021A5CCAC00471995 /* rekaman */;
			targetProxy = 4912402921A5CCAD00471995 /* PBXContainerItemProxy */;
		};
		4912403521A5CCAD00471995 /* PBXTargetDependency */ = {
			isa = PBXTargetDependency;
			target = 4912401021A5CCAC00471995 /* rekaman */;
			targetProxy = 4912403421A5CCAD00471995 /* PBXContainerItemProxy */;
		};
/* End PBXTargetDependency section */

/* Begin PBXVariantGroup section */
		4912401821A5CCAC00471995 /* Main.storyboard */ = {
			isa = PBXVariantGroup;
			children = (
				4912401921A5CCAC00471995 /* Base */,
			);
			name = Main.storyboard;
			sourceTree = "<group>";
		};
		4912402021A5CCAD00471995 /* LaunchScreen.storyboard */ = {
			isa = PBXVariantGroup;
			children = (
				4912402121A5CCAD00471995 /* Base */,
			);
			name = LaunchScreen.storyboard;
			sourceTree = "<group>";
		};
/* End PBXVariantGroup section */

/* Begin XCBuildConfiguration section */
		4912403A21A5CCAD00471995 /* Debug */ = {
			isa = XCBuildConfiguration;
			buildSettings = {
				ALWAYS_SEARCH_USER_PATHS = NO;
				CLANG_ANALYZER_NONNULL = YES;
				CLANG_ANALYZER_NUMBER_OBJECT_CONVERSION = YES_AGGRESSIVE;
				CLANG_CXX_LANGUAGE_STANDARD = "gnu++14";
				CLANG_CXX_LIBRARY = "libc++";
				CLANG_ENABLE_MODULES = YES;
				CLANG_ENABLE_OBJC_ARC = YES;
				CLANG_ENABLE_OBJC_WEAK = YES;
				CLANG_WARN_BLOCK_CAPTURE_AUTORELEASING = YES;
				CLANG_WARN_BOOL_CONVERSION = YES;
				CLANG_WARN_COMMA = YES;
				CLANG_WARN_CONSTANT_CONVERSION = YES;
				CLANG_WARN_DEPRECATED_OBJC_IMPLEMENTATIONS = YES;
				CLANG_WARN_DIRECT_OBJC_ISA_USAGE = YES_ERROR;
				CLANG_WARN_DOCUMENTATION_COMMENTS = YES;
				CLANG_WARN_EMPTY_BODY = YES;
				CLANG_WARN_ENUM_CONVERSION = YES;
				CLANG_WARN_INFINITE_RECURSION = YES;
				CLANG_WARN_INT_CONVERSION = YES;
				CLANG_WARN_NON_LITERAL_NULL_CONVERSION = YES;
				CLANG_WARN_OBJC_IMPLICIT_RETAIN_SELF = YES;
				CLANG_WARN_OBJC_LITERAL_CONVERSION = YES;
				CLANG_WARN_OBJC_ROOT_CLASS = YES_ERROR;
				CLANG_WARN_RANGE_LOOP_ANALYSIS = YES;
				CLANG_WARN_STRICT_PROTOTYPES = YES;
				CLANG_WARN_SUSPICIOUS_MOVE = YES;
				CLANG_WARN_UNGUARDED_AVAILABILITY = YES_AGGRESSIVE;
				CLANG_WARN_UNREACHABLE_CODE = YES;
				CLANG_WARN__DUPLICATE_METHOD_MATCH = YES;
				CODE_SIGN_IDENTITY = "iPhone Developer";
				COPY_PHASE_STRIP = NO;
				DEBUG_INFORMATION_FORMAT = dwarf;
				ENABLE_STRICT_OBJC_MSGSEND = YES;
				ENABLE_TESTABILITY = YES;
				GCC_C_LANGUAGE_STANDARD = gnu11;
				GCC_DYNAMIC_NO_PIC = NO;
				GCC_NO_COMMON_BLOCKS = YES;
				GCC_OPTIMIZATION_LEVEL = 0;
				GCC_PREPROCESSOR_DEFINITIONS = (
					"DEBUG=1",
					"$(inherited)",
				);
				GCC_WARN_64_TO_32_BIT_CONVERSION = YES;
				GCC_WARN_ABOUT_RETURN_TYPE = YES_ERROR;
				GCC_WARN_UNDECLARED_SELECTOR = YES;
				GCC_WARN_UNINITIALIZED_AUTOS = YES_AGGRESSIVE;
				GCC_WARN_UNUSED_FUNCTION = YES;
				GCC_WARN_UNUSED_VARIABLE = YES;
				IPHONEOS_DEPLOYMENT_TARGET = 11.4;
				MTL_ENABLE_DEBUG_INFO = YES;
				ONLY_ACTIVE_ARCH = YES;
				SDKROOT = iphoneos;
				SWIFT_ACTIVE_COMPILATION_CONDITIONS = DEBUG;
				SWIFT_OPTIMIZATION_LEVEL = "-Onone";
			};
			name = Debug;
		};
		4912403B21A5CCAD00471995 /* Release */ = {
			isa = XCBuildConfiguration;
			buildSettings = {
				ALWAYS_SEARCH_USER_PATHS = NO;
				CLANG_ANALYZER_NONNULL = YES;
				CLANG_ANALYZER_NUMBER_OBJECT_CONVERSION = YES_AGGRESSIVE;
				CLANG_CXX_LANGUAGE_STANDARD = "gnu++14";
				CLANG_CXX_LIBRARY = "libc++";
				CLANG_ENABLE_MODULES = YES;
				CLANG_ENABLE_OBJC_ARC = YES;
				CLANG_ENABLE_OBJC_WEAK = YES;
				CLANG_WARN_BLOCK_CAPTURE_AUTORELEASING = YES;
				CLANG_WARN_BOOL_CONVERSION = YES;
				CLANG_WARN_COMMA = YES;
				CLANG_WARN_CONSTANT_CONVERSION = YES;
				CLANG_WARN_DEPRECATED_OBJC_IMPLEMENTATIONS = YES;
				CLANG_WARN_DIRECT_OBJC_ISA_USAGE = YES_ERROR;
				CLANG_WARN_DOCUMENTATION_COMMENTS = YES;
				CLANG_WARN_EMPTY_BODY = YES;
				CLANG_WARN_ENUM_CONVERSION = YES;
				CLANG_WARN_INFINITE_RECURSION = YES;
				CLANG_WARN_INT_CONVERSION = YES;
				CLANG_WARN_NON_LITERAL_NULL_CONVERSION = YES;
				CLANG_WARN_OBJC_IMPLICIT_RETAIN_SELF = YES;
				CLANG_WARN_OBJC_LITERAL_CONVERSION = YES;
				CLANG_WARN_OBJC_ROOT_CLASS = YES_ERROR;
				CLANG_WARN_RANGE_LOOP_ANALYSIS = YES;
				CLANG_WARN_STRICT_PROTOTYPES = YES;
				CLANG_WARN_SUSPICIOUS_MOVE = YES;
				CLANG_WARN_UNGUARDED_AVAILABILITY = YES_AGGRESSIVE;
				CLANG_WARN_UNREACHABLE_CODE = YES;
				CLANG_WARN__DUPLICATE_METHOD_MATCH = YES;
				CODE_SIGN_IDENTITY = "iPhone Developer";
				COPY_PHASE_STRIP = NO;
				DEBUG_INFORMATION_FORMAT = "dwarf-with-dsym";
				ENABLE_NS_ASSERTIONS = NO;
				ENABLE_STRICT_OBJC_MSGSEND = YES;
				GCC_C_LANGUAGE_STANDARD = gnu11;
				GCC_NO_COMMON_BLOCKS = YES;
				GCC_WARN_64_TO_32_BIT_CONVERSION = YES;
				GCC_WARN_ABOUT_RETURN_TYPE = YES_ERROR;
				GCC_WARN_UNDECLARED_SELECTOR = YES;
				GCC_WARN_UNINITIALIZED_AUTOS = YES_AGGRESSIVE;
				GCC_WARN_UNUSED_FUNCTION = YES;
				GCC_WARN_UNUSED_VARIABLE = YES;
				IPHONEOS_DEPLOYMENT_TARGET = 11.4;
				MTL_ENABLE_DEBUG_INFO = NO;
				SDKROOT = iphoneos;
				SWIFT_COMPILATION_MODE = wholemodule;
				SWIFT_OPTIMIZATION_LEVEL = "-O";
				VALIDATE_PRODUCT = YES;
			};
			name = Release;
		};
		4912403D21A5CCAD00471995 /* Debug */ = {
			isa = XCBuildConfiguration;
			buildSettings = {
				ASSETCATALOG_COMPILER_APPICON_NAME = AppIcon;
				CODE_SIGN_STYLE = Automatic;
				INFOPLIST_FILE = rekaman/Info.plist;
				LD_RUNPATH_SEARCH_PATHS = (
					"$(inherited)",
					"@executable_path/Frameworks",
				);
				PRODUCT_BUNDLE_IDENTIFIER = devex.rekaman;
				PRODUCT_NAME = "$(TARGET_NAME)";
				SWIFT_VERSION = 4.0;
				TARGETED_DEVICE_FAMILY = "1,2";
			};
			name = Debug;
		};
		4912403E21A5CCAD00471995 /* Release */ = {
			isa = XCBuildConfiguration;
			buildSettings = {
				ASSETCATALOG_COMPILER_APPICON_NAME = AppIcon;
				CODE_SIGN_STYLE = Automatic;
				INFOPLIST_FILE = rekaman/Info.plist;
				LD_RUNPATH_SEARCH_PATHS = (
					"$(inherited)",
					"@executable_path/Frameworks",
				);
				PRODUCT_BUNDLE_IDENTIFIER = devex.rekaman;
				PRODUCT_NAME = "$(TARGET_NAME)";
				SWIFT_VERSION = 4.0;
				TARGETED_DEVICE_FAMILY = "1,2";
			};
			name = Release;
		};
		4912404021A5CCAD00471995 /* Debug */ = {
			isa = XCBuildConfiguration;
			buildSettings = {
				ALWAYS_EMBED_SWIFT_STANDARD_LIBRARIES = YES;
				BUNDLE_LOADER = "$(TEST_HOST)";
				CODE_SIGN_STYLE = Automatic;
				INFOPLIST_FILE = rekamanTests/Info.plist;
				LD_RUNPATH_SEARCH_PATHS = (
					"$(inherited)",
					"@executable_path/Frameworks",
					"@loader_path/Frameworks",
				);
				PRODUCT_BUNDLE_IDENTIFIER = devex.rekamanTests;
				PRODUCT_NAME = "$(TARGET_NAME)";
				SWIFT_VERSION = 4.0;
				TARGETED_DEVICE_FAMILY = "1,2";
				TEST_HOST = "$(BUILT_PRODUCTS_DIR)/rekaman.app/rekaman";
			};
			name = Debug;
		};
		4912404121A5CCAD00471995 /* Release */ = {
			isa = XCBuildConfiguration;
			buildSettings = {
				ALWAYS_EMBED_SWIFT_STANDARD_LIBRARIES = YES;
				BUNDLE_LOADER = "$(TEST_HOST)";
				CODE_SIGN_STYLE = Automatic;
				INFOPLIST_FILE = rekamanTests/Info.plist;
				LD_RUNPATH_SEARCH_PATHS = (
					"$(inherited)",
					"@executable_path/Frameworks",
					"@loader_path/Frameworks",
				);
				PRODUCT_BUNDLE_IDENTIFIER = devex.rekamanTests;
				PRODUCT_NAME = "$(TARGET_NAME)";
				SWIFT_VERSION = 4.0;
				TARGETED_DEVICE_FAMILY = "1,2";
				TEST_HOST = "$(BUILT_PRODUCTS_DIR)/rekaman.app/rekaman";
			};
			name = Release;
		};
		4912404321A5CCAD00471995 /* Debug */ = {
			isa = XCBuildConfiguration;
			buildSettings = {
				ALWAYS_EMBED_SWIFT_STANDARD_LIBRARIES = YES;
				CODE_SIGN_STYLE = Automatic;
				INFOPLIST_FILE = rekamanUITests/Info.plist;
				LD_RUNPATH_SEARCH_PATHS = (
					"$(inherited)",
					"@executable_path/Frameworks",
					"@loader_path/Frameworks",
				);
				PRODUCT_BUNDLE_IDENTIFIER = devex.rekamanUITests;
				PRODUCT_NAME = "$(TARGET_NAME)";
				SWIFT_VERSION = 4.0;
				TARGETED_DEVICE_FAMILY = "1,2";
				TEST_TARGET_NAME = rekaman;
			};
			name = Debug;
		};
		4912404421A5CCAD00471995 /* Release */ = {
			isa = XCBuildConfiguration;
			buildSettings = {
				ALWAYS_EMBED_SWIFT_STANDARD_LIBRARIES = YES;
				CODE_SIGN_STYLE = Automatic;
				INFOPLIST_FILE = rekamanUITests/Info.plist;
				LD_RUNPATH_SEARCH_PATHS = (
					"$(inherited)",
					"@executable_path/Frameworks",
					"@loader_path/Frameworks",
				);
				PRODUCT_BUNDLE_IDENTIFIER = devex.rekamanUITests;
				PRODUCT_NAME = "$(TARGET_NAME)";
				SWIFT_VERSION = 4.0;
				TARGETED_DEVICE_FAMILY = "1,2";
				TEST_TARGET_NAME = rekaman;
			};
			name = Release;
		};
/* End XCBuildConfiguration section */

/* Begin XCConfigurationList section */
		4912400C21A5CCAC00471995 /* Build configuration list for PBXProject "rekaman" */ = {
			isa = XCConfigurationList;
			buildConfigurations = (
				4912403A21A5CCAD00471995 /* Debug */,
				4912403B21A5CCAD00471995 /* Release */,
			);
			defaultConfigurationIsVisible = 0;
			defaultConfigurationName = Release;
		};
		4912403C21A5CCAD00471995 /* Build configuration list for PBXNativeTarget "rekaman" */ = {
			isa = XCConfigurationList;
			buildConfigurations = (
				4912403D21A5CCAD00471995 /* Debug */,
				4912403E21A5CCAD00471995 /* Release */,
			);
			defaultConfigurationIsVisible = 0;
			defaultConfigurationName = Release;
		};
		4912403F21A5CCAD00471995 /* Build configuration list for PBXNativeTarget "rekamanTests" */ = {
			isa = XCConfigurationList;
			buildConfigurations = (
				4912404021A5CCAD00471995 /* Debug */,
				4912404121A5CCAD00471995 /* Release */,
			);
			defaultConfigurationIsVisible = 0;
			defaultConfigurationName = Release;
		};
		4912404221A5CCAD00471995 /* Build configuration list for PBXNativeTarget "rekamanUITests" */ = {
			isa = XCConfigurationList;
			buildConfigurations = (
				4912404321A5CCAD00471995 /* Debug */,
				4912404421A5CCAD00471995 /* Release */,
			);
			defaultConfigurationIsVisible = 0;
			defaultConfigurationName = Release;
		};
/* End XCConfigurationList section */

/* Begin XCVersionGroup section */
		4912401B21A5CCAC00471995 /* rekaman.xcdatamodeld */ = {
			isa = XCVersionGroup;
			children = (
				4912401C21A5CCAC00471995 /* rekaman.xcdatamodel */,
			);
			currentVersion = 4912401C21A5CCAC00471995 /* rekaman.xcdatamodel */;
			path = rekaman.xcdatamodeld;
			sourceTree = "<group>";
			versionGroupType = wrapper.xcdatamodel;
		};
/* End XCVersionGroup section */
	};
	rootObject = 4912400921A5CCAC00471995 /* Project object */;
}
